
Microsoft Visual Studio Solution File, Format Version 12.00
# Visual Studio Version 16
VisualStudioVersion = 16.0.30413.136
MinimumVisualStudioVersion = 10.0.40219.1
Project("{9A19103F-16F7-4668-BE54-9A1E7A4F7556}") = "PSTS6", "PSTS6\PSTS6.csproj", "{1CABD297-2419-4B5D-91D1-A8C41839962A}"
EndProject
Project("{9A19103F-16F7-4668-BE54-9A1E7A4F7556}") = "PSTS6_UnitTests", "PSTS6_UnitTests\PSTS6_UnitTests.csproj", "{D7BB29A5-A2B0-4F95-AB4B-AD5CCC6FF7CB}"
EndProject
Project("{9A19103F-16F7-4668-BE54-9A1E7A4F7556}") = "JsonHelper", "..\googleganttforcsharp\JsonHelper.csproj", "{904E27B6-FAF8-455E-86B9-4C0E67D20486}"
EndProject
Global
	GlobalSection(SolutionConfigurationPlatforms) = preSolution
		Debug|Any CPU = Debug|Any CPU
		Release|Any CPU = Release|Any CPU
	EndGlobalSection
	GlobalSection(ProjectConfigurationPlatforms) = postSolution
		{1CABD297-2419-4B5D-91D1-A8C41839962A}.Debug|Any CPU.ActiveCfg = Debug|Any CPU
		{1CABD297-2419-4B5D-91D1-A8C41839962A}.Debug|Any CPU.Build.0 = Debug|Any CPU
		{1CABD297-2419-4B5D-91D1-A8C41839962A}.Release|Any CPU.ActiveCfg = Release|Any CPU
		{1CABD297-2419-4B5D-91D1-A8C41839962A}.Release|Any CPU.Build.0 = Release|Any CPU
		{D7BB29A5-A2B0-4F95-AB4B-AD5CCC6FF7CB}.Debug|Any CPU.ActiveCfg = Debug|Any CPU
		{D7BB29A5-A2B0-4F95-AB4B-AD5CCC6FF7CB}.Debug|Any CPU.Build.0 = Debug|Any CPU
		{D7BB29A5-A2B0-4F95-AB4B-AD5CCC6FF7CB}.Release|Any CPU.ActiveCfg = Release|Any CPU
		{D7BB29A5-A2B0-4F95-AB4B-AD5CCC6FF7CB}.Release|Any CPU.Build.0 = Release|Any CPU
		{904E27B6-FAF8-455E-86B9-4C0E67D20486}.Debug|Any CPU.ActiveCfg = Debug|Any CPU
		{904E27B6-FAF8-455E-86B9-4C0E67D20486}.Debug|Any CPU.Build.0 = Debug|Any CPU
		{904E27B6-FAF8-455E-86B9-4C0E67D20486}.Release|Any CPU.ActiveCfg = Release|Any CPU
		{904E27B6-FAF8-455E-86B9-4C0E67D20486}.Release|Any CPU.Build.0 = Release|Any CPU
	EndGlobalSection
	GlobalSection(SolutionProperties) = preSolution
		HideSolutionNode = FALSE
	EndGlobalSection
	GlobalSection(ExtensibilityGlobals) = postSolution
		SolutionGuid = {C47FF561-24D3-4243-A927-F2FC39332509}
	EndGlobalSection
EndGlobal
